
Microsoft Visual Studio Solution File, Format Version 12.00
# Visual Studio Version 16
VisualStudioVersion = 16.0.29418.71
MinimumVisualStudioVersion = 10.0.40219.1
Project("{FAE04EC0-301F-11D3-BF4B-00C04F79EFBC}") = "NovaAlianca", "NovaAlianca\NovaAlianca.csproj", "{38B42243-12DF-4F9A-9F1B-9317B8964150}"
EndProject
Global
	GlobalSection(SolutionConfigurationPlatforms) = preSolution
		Debug|Any CPU = Debug|Any CPU
		Release|Any CPU = Release|Any CPU
	EndGlobalSection
	GlobalSection(ProjectConfigurationPlatforms) = postSolution
		{38B42243-12DF-4F9A-9F1B-9317B8964150}.Debug|Any CPU.ActiveCfg = Debug|Any CPU
		{38B42243-12DF-4F9A-9F1B-9317B8964150}.Debug|Any CPU.Build.0 = Debug|Any CPU
		{38B42243-12DF-4F9A-9F1B-9317B8964150}.Release|Any CPU.ActiveCfg = Release|Any CPU
		{38B42243-12DF-4F9A-9F1B-9317B8964150}.Release|Any CPU.Build.0 = Release|Any CPU
	EndGlobalSection
	GlobalSection(SolutionProperties) = preSolution
		HideSolutionNode = FALSE
	EndGlobalSection
	GlobalSection(ExtensibilityGlobals) = postSolution
		SolutionGuid = {0A2CE386-6BD9-419D-B288-2B96E10C35AB}
	EndGlobalSection
EndGlobal
